
Microsoft Visual Studio Solution File, Format Version 12.00
# Visual Studio Version 17
VisualStudioVersion = 17.13.35806.99 d17.13
MinimumVisualStudioVersion = 10.0.40219.1
Project("{FAE04EC0-301F-11D3-BF4B-00C04F79EFBC}") = "AzureTutorials.AppService", "AzureTutorials.AppService\AzureTutorials.AppService.csproj", "{4B4473DC-B6CD-4B5E-BC18-D66AE09156BA}"
EndProject
Global
	GlobalSection(SolutionConfigurationPlatforms) = preSolution
		Debug|Any CPU = Debug|Any CPU
		Release|Any CPU = Release|Any CPU
	EndGlobalSection
	GlobalSection(ProjectConfigurationPlatforms) = postSolution
		{4B4473DC-B6CD-4B5E-BC18-D66AE09156BA}.Debug|Any CPU.ActiveCfg = Debug|Any CPU
		{4B4473DC-B6CD-4B5E-BC18-D66AE09156BA}.Debug|Any CPU.Build.0 = Debug|Any CPU
		{4B4473DC-B6CD-4B5E-BC18-D66AE09156BA}.Release|Any CPU.ActiveCfg = Release|Any CPU
		{4B4473DC-B6CD-4B5E-BC18-D66AE09156BA}.Release|Any CPU.Build.0 = Release|Any CPU
	EndGlobalSection
	GlobalSection(SolutionProperties) = preSolution
		HideSolutionNode = FALSE
	EndGlobalSection
	GlobalSection(ExtensibilityGlobals) = postSolution
		SolutionGuid = {0C2A7BE5-66FC-49F1-AAFA-36F3B50B8631}
	EndGlobalSection
EndGlobal
